github.com/deejross/go-snmplib v0.0.0-20190126151901-0ff3fc321a43 h1:ASR8oKPF2V7iEpMlnFU2S+n15d7oSfAiyk4ov2OLSiQ=
github.com/deejross/go-snmplib v0.0.0-20190126151901-0ff3fc321a43/go.mod h1:m3S4JCGUB4uB26BFgN3q4OH9SCO0NqrvsvmNqwJD+Ew=
github.com/go-sql-driver/mysql v1.6.0 h1:BCTh4TKNUYmOmMUcQ3IipzF5prigylS7XXjEkfCHuOE=
github.com/go-sql-driver/mysql v1.6.0/go.mod h1:DCzpHaOWr8IXmIStZouvnhqoel9Qv2LBy8hT2VhHyBg=
